
Microsoft Visual Studio Solution File, Format Version 12.00
# Visual Studio 2012
Project("{FAE04EC0-301F-11D3-BF4B-00C04F79EFBC}") = "Entidades", "Entidades\Entidades.csproj", "{14737906-45AD-4D8C-8C85-112E673E5848}"
EndProject
Project("{FAE04EC0-301F-11D3-BF4B-00C04F79EFBC}") = "AccesoDatos", "AccesoDatos\AccesoDatos.csproj", "{5B5E0CBA-FA1B-4908-91E1-E221E65B19E4}"
EndProject
Global
	GlobalSection(SolutionConfigurationPlatforms) = preSolution
		Debug|Any CPU = Debug|Any CPU
		Release|Any CPU = Release|Any CPU
	EndGlobalSection
	GlobalSection(ProjectConfigurationPlatforms) = postSolution
		{14737906-45AD-4D8C-8C85-112E673E5848}.Debug|Any CPU.ActiveCfg = Debug|Any CPU
		{14737906-45AD-4D8C-8C85-112E673E5848}.Debug|Any CPU.Build.0 = Debug|Any CPU
		{14737906-45AD-4D8C-8C85-112E673E5848}.Release|Any CPU.ActiveCfg = Release|Any CPU
		{14737906-45AD-4D8C-8C85-112E673E5848}.Release|Any CPU.Build.0 = Release|Any CPU
		{5B5E0CBA-FA1B-4908-91E1-E221E65B19E4}.Debug|Any CPU.ActiveCfg = Debug|Any CPU
		{5B5E0CBA-FA1B-4908-91E1-E221E65B19E4}.Debug|Any CPU.Build.0 = Debug|Any CPU
		{5B5E0CBA-FA1B-4908-91E1-E221E65B19E4}.Release|Any CPU.ActiveCfg = Release|Any CPU
		{5B5E0CBA-FA1B-4908-91E1-E221E65B19E4}.Release|Any CPU.Build.0 = Release|Any CPU
	EndGlobalSection
	GlobalSection(SolutionProperties) = preSolution
		HideSolutionNode = FALSE
	EndGlobalSection
EndGlobal
